
Microsoft Visual Studio Solution File, Format Version 12.00
# Visual Studio Version 17
VisualStudioVersion = 17.9.34701.34
MinimumVisualStudioVersion = 10.0.40219.1
Project("{2150E333-8FDC-42A3-9474-1A3956D46DE8}") = "Solution Items", "Solution Items", "{FFB18A8E-BCF8-406E-8EE3-E004050D4BB0}"
	ProjectSection(SolutionItems) = preProject
		.dockerignore = .dockerignore
		.editorconfig = .editorconfig
		.gitignore = .gitignore
		Directory.Build.props = Directory.Build.props
		Directory.Packages.props = Directory.Packages.props
		docker-compose.yaml = docker-compose.yaml
		Dockerfile = Dockerfile
		README.md = README.md
	EndProjectSection
EndProject
Project("{2150E333-8FDC-42A3-9474-1A3956D46DE8}") = "src", "src", "{CA5339A1-53BB-41BB-99FA-9C6F5ABAB4D4}"
EndProject
Project("{2150E333-8FDC-42A3-9474-1A3956D46DE8}") = "Core", "Core", "{7605BEC2-C753-4388-8A44-8C7ABEBE3F7A}"
EndProject
Project("{9A19103F-16F7-4668-BE54-9A1E7A4F7556}") = "Domain", "src\Domain\Domain.csproj", "{0F76CF26-ED9A-41AE-953C-81C3885AAD3E}"
EndProject
Project("{2150E333-8FDC-42A3-9474-1A3956D46DE8}") = "CrossCutting", "CrossCutting", "{F8AEA584-16C1-4129-8B89-CBAFC36A0E09}"
EndProject
Project("{9A19103F-16F7-4668-BE54-9A1E7A4F7556}") = "Helpers", "src\Helpers\Helpers.csproj", "{52AEA0CB-F7DD-4445-B553-7651ED7CDDD3}"
EndProject
Project("{2150E333-8FDC-42A3-9474-1A3956D46DE8}") = "Web", "Web", "{BB48DB89-8B5B-4900-8F6F-E0BFB2D91C63}"
EndProject
Project("{9A19103F-16F7-4668-BE54-9A1E7A4F7556}") = "UseCase", "src\UseCase\UseCase.csproj", "{D2DBFB54-CB2A-4CFC-8063-07F641A4AD6C}"
EndProject
Project("{9A19103F-16F7-4668-BE54-9A1E7A4F7556}") = "Controller", "src\Controller\Controller.csproj", "{9467525A-AD6F-474E-BB35-49555FB13159}"
EndProject
Project("{FAE04EC0-301F-11D3-BF4B-00C04F79EFBC}") = "Integration", "src\Integration\Integration.csproj", "{96EA4BC7-9235-49D5-87F2-417392102E7C}"
EndProject
Global
	GlobalSection(SolutionConfigurationPlatforms) = preSolution
		Debug|Any CPU = Debug|Any CPU
		Release|Any CPU = Release|Any CPU
	EndGlobalSection
	GlobalSection(ProjectConfigurationPlatforms) = postSolution
		{0F76CF26-ED9A-41AE-953C-81C3885AAD3E}.Debug|Any CPU.ActiveCfg = Debug|Any CPU
		{0F76CF26-ED9A-41AE-953C-81C3885AAD3E}.Debug|Any CPU.Build.0 = Debug|Any CPU
		{0F76CF26-ED9A-41AE-953C-81C3885AAD3E}.Release|Any CPU.ActiveCfg = Release|Any CPU
		{0F76CF26-ED9A-41AE-953C-81C3885AAD3E}.Release|Any CPU.Build.0 = Release|Any CPU
		{52AEA0CB-F7DD-4445-B553-7651ED7CDDD3}.Debug|Any CPU.ActiveCfg = Debug|Any CPU
		{52AEA0CB-F7DD-4445-B553-7651ED7CDDD3}.Debug|Any CPU.Build.0 = Debug|Any CPU
		{52AEA0CB-F7DD-4445-B553-7651ED7CDDD3}.Release|Any CPU.ActiveCfg = Release|Any CPU
		{52AEA0CB-F7DD-4445-B553-7651ED7CDDD3}.Release|Any CPU.Build.0 = Release|Any CPU
		{D2DBFB54-CB2A-4CFC-8063-07F641A4AD6C}.Debug|Any CPU.ActiveCfg = Debug|Any CPU
		{D2DBFB54-CB2A-4CFC-8063-07F641A4AD6C}.Debug|Any CPU.Build.0 = Debug|Any CPU
		{D2DBFB54-CB2A-4CFC-8063-07F641A4AD6C}.Release|Any CPU.ActiveCfg = Release|Any CPU
		{D2DBFB54-CB2A-4CFC-8063-07F641A4AD6C}.Release|Any CPU.Build.0 = Release|Any CPU
		{9467525A-AD6F-474E-BB35-49555FB13159}.Debug|Any CPU.ActiveCfg = Debug|Any CPU
		{9467525A-AD6F-474E-BB35-49555FB13159}.Debug|Any CPU.Build.0 = Debug|Any CPU
		{9467525A-AD6F-474E-BB35-49555FB13159}.Release|Any CPU.ActiveCfg = Release|Any CPU
		{9467525A-AD6F-474E-BB35-49555FB13159}.Release|Any CPU.Build.0 = Release|Any CPU
		{96EA4BC7-9235-49D5-87F2-417392102E7C}.Debug|Any CPU.ActiveCfg = Debug|Any CPU
		{96EA4BC7-9235-49D5-87F2-417392102E7C}.Debug|Any CPU.Build.0 = Debug|Any CPU
		{96EA4BC7-9235-49D5-87F2-417392102E7C}.Release|Any CPU.ActiveCfg = Release|Any CPU
		{96EA4BC7-9235-49D5-87F2-417392102E7C}.Release|Any CPU.Build.0 = Release|Any CPU
	EndGlobalSection
	GlobalSection(SolutionProperties) = preSolution
		HideSolutionNode = FALSE
	EndGlobalSection
	GlobalSection(NestedProjects) = preSolution
		{7605BEC2-C753-4388-8A44-8C7ABEBE3F7A} = {CA5339A1-53BB-41BB-99FA-9C6F5ABAB4D4}
		{0F76CF26-ED9A-41AE-953C-81C3885AAD3E} = {7605BEC2-C753-4388-8A44-8C7ABEBE3F7A}
		{F8AEA584-16C1-4129-8B89-CBAFC36A0E09} = {CA5339A1-53BB-41BB-99FA-9C6F5ABAB4D4}
		{52AEA0CB-F7DD-4445-B553-7651ED7CDDD3} = {F8AEA584-16C1-4129-8B89-CBAFC36A0E09}
		{BB48DB89-8B5B-4900-8F6F-E0BFB2D91C63} = {CA5339A1-53BB-41BB-99FA-9C6F5ABAB4D4}
		{D2DBFB54-CB2A-4CFC-8063-07F641A4AD6C} = {7605BEC2-C753-4388-8A44-8C7ABEBE3F7A}
	EndGlobalSection
	GlobalSection(ExtensibilityGlobals) = postSolution
		SolutionGuid = {752C4664-4D34-4583-9759-4424430336EF}
	EndGlobalSection
EndGlobal
